
Microsoft Visual Studio Solution File, Format Version 12.00
# Visual Studio Version 16
VisualStudioVersion = 16.0.32002.261
MinimumVisualStudioVersion = 10.0.40219.1
Project("{FAE04EC0-301F-11D3-BF4B-00C04F79EFBC}") = "LAd6.1", "LAd6.1\LAd6.1.csproj", "{DA5250C2-E0B4-4B36-B396-3C7A31F98D13}"
EndProject
Project("{FAE04EC0-301F-11D3-BF4B-00C04F79EFBC}") = "6.2", "6.2\6.2.csproj", "{5A570F7C-A624-450D-824A-2764F4A3B211}"
EndProject
Project("{FAE04EC0-301F-11D3-BF4B-00C04F79EFBC}") = "6.3", "6.3\6.3.csproj", "{AA33D371-DC0B-431B-A888-3BC2A1725BBB}"
EndProject
Project("{FAE04EC0-301F-11D3-BF4B-00C04F79EFBC}") = "6.4", "6.4\6.4.csproj", "{39321920-6DD5-41AF-8A6E-357878DF4BF8}"
EndProject
Project("{FAE04EC0-301F-11D3-BF4B-00C04F79EFBC}") = "6.5", "6.5\6.5.csproj", "{3C626E34-EB6C-4AF9-BC46-3C2A062A56DB}"
EndProject
Global
	GlobalSection(SolutionConfigurationPlatforms) = preSolution
		Debug|Any CPU = Debug|Any CPU
		Release|Any CPU = Release|Any CPU
	EndGlobalSection
	GlobalSection(ProjectConfigurationPlatforms) = postSolution
		{DA5250C2-E0B4-4B36-B396-3C7A31F98D13}.Debug|Any CPU.ActiveCfg = Debug|Any CPU
		{DA5250C2-E0B4-4B36-B396-3C7A31F98D13}.Debug|Any CPU.Build.0 = Debug|Any CPU
		{DA5250C2-E0B4-4B36-B396-3C7A31F98D13}.Release|Any CPU.ActiveCfg = Release|Any CPU
		{DA5250C2-E0B4-4B36-B396-3C7A31F98D13}.Release|Any CPU.Build.0 = Release|Any CPU
		{5A570F7C-A624-450D-824A-2764F4A3B211}.Debug|Any CPU.ActiveCfg = Debug|Any CPU
		{5A570F7C-A624-450D-824A-2764F4A3B211}.Debug|Any CPU.Build.0 = Debug|Any CPU
		{5A570F7C-A624-450D-824A-2764F4A3B211}.Release|Any CPU.ActiveCfg = Release|Any CPU
		{5A570F7C-A624-450D-824A-2764F4A3B211}.Release|Any CPU.Build.0 = Release|Any CPU
		{AA33D371-DC0B-431B-A888-3BC2A1725BBB}.Debug|Any CPU.ActiveCfg = Debug|Any CPU
		{AA33D371-DC0B-431B-A888-3BC2A1725BBB}.Debug|Any CPU.Build.0 = Debug|Any CPU
		{AA33D371-DC0B-431B-A888-3BC2A1725BBB}.Release|Any CPU.ActiveCfg = Release|Any CPU
		{AA33D371-DC0B-431B-A888-3BC2A1725BBB}.Release|Any CPU.Build.0 = Release|Any CPU
		{39321920-6DD5-41AF-8A6E-357878DF4BF8}.Debug|Any CPU.ActiveCfg = Debug|Any CPU
		{39321920-6DD5-41AF-8A6E-357878DF4BF8}.Debug|Any CPU.Build.0 = Debug|Any CPU
		{39321920-6DD5-41AF-8A6E-357878DF4BF8}.Release|Any CPU.ActiveCfg = Release|Any CPU
		{39321920-6DD5-41AF-8A6E-357878DF4BF8}.Release|Any CPU.Build.0 = Release|Any CPU
		{3C626E34-EB6C-4AF9-BC46-3C2A062A56DB}.Debug|Any CPU.ActiveCfg = Debug|Any CPU
		{3C626E34-EB6C-4AF9-BC46-3C2A062A56DB}.Debug|Any CPU.Build.0 = Debug|Any CPU
		{3C626E34-EB6C-4AF9-BC46-3C2A062A56DB}.Release|Any CPU.ActiveCfg = Release|Any CPU
		{3C626E34-EB6C-4AF9-BC46-3C2A062A56DB}.Release|Any CPU.Build.0 = Release|Any CPU
	EndGlobalSection
	GlobalSection(SolutionProperties) = preSolution
		HideSolutionNode = FALSE
	EndGlobalSection
	GlobalSection(ExtensibilityGlobals) = postSolution
		SolutionGuid = {6BC0FB24-53FE-4684-B629-7C5F3C97EFAF}
	EndGlobalSection
EndGlobal
